{
  "name": "test-sibling",
  "requires": true,
  "lockfileVersion": 1,
  "dependencies": {
    "@ionic/core": {
      "version": "4.11.10",
      "resolved": "https://registry.npmjs.org/@ionic/core/-/core-4.11.10.tgz",
      "integrity": "sha512-PeonKl5E+VOTBeKDr83y0N/1wbfkZ5jV3PSJTsVPE3Q15LxGEO0GzBvVMgkmkssuqOI3WJPXxYWZVL8ejzSFOQ==",
      "requires": {
        "ionicons": "^4.6.3",
        "tslib": "^1.10.0"
      }
    },
    "ionicons": {
      "version": "4.6.3",
      "resolved": "https://registry.npmjs.org/ionicons/-/ionicons-4.6.3.tgz",
      "integrity": "sha512-cgP+VIr2cTJpMfFyVHTerq6n2jeoiGboVoe3GlaAo5zoSBDAEXORwUZhv6m+lCyxlsHCS3nqPUE+MKyZU71t8Q=="
    },
    "tslib": {
      "version": "1.10.0",
      "resolved": "https://registry.npmjs.org/tslib/-/tslib-1.10.0.tgz",
      "integrity": "sha512-qOebF53frne81cf0S9B41ByenJ3/IuH8yJKngAX35CmiZySA0khhkovshKK+jGCaMnVomla7gVlIcc3EvKPbTQ=="
    }
  }
}
