{
  "name": "ionic-app",
  "version": "1.0.0",
  "lockfileVersion": 2,
  "requires": true,
  "packages": {
    "": {
      "name": "ionic-app",
      "version": "1.0.0",
      "license": "MIT",
      "dependencies": {
        "@ionic/core": "^6.0.10"
      }
    },
    "node_modules/@ionic/core": {
      "version": "6.0.10",
      "resolved": "https://registry.npmjs.org/@ionic/core/-/core-6.0.10.tgz",
      "integrity": "sha512-WPJ/K8pAaXLgsmCoop65MP1zCZxPszeiktCJsM+EzSq9i7PhHiOPVakpNSdDM7hjSVS9bzp3A2Gwv8XJsypfog==",
      "dependencies": {
        "@stencil/core": "~2.13.0",
        "ionicons": "^6.0.0",
        "tslib": "^2.1.0"
      }
    },
    "node_modules/@stencil/core": {
      "version": "2.13.0",
      "resolved": "https://registry.npmjs.org/@stencil/core/-/core-2.13.0.tgz",
      "integrity": "sha512-EEKHOHgYpg3/iFUKMXTZJjUayRul7sXDwNw0OGgkEOe4t7JWiibDkzUHuruvpbqEydX+z1+ez5K2bMMY76c2wA==",
      "bin": {
        "stencil": "bin/stencil"
      },
      "engines": {
        "node": ">=12.10.0",
        "npm": ">=6.0.0"
      }
    },
    "node_modules/ionicons": {
      "version": "6.0.1",
      "resolved": "https://registry.npmjs.org/ionicons/-/ionicons-6.0.1.tgz",
      "integrity": "sha512-xQekOJsxH82O7oB+3F60zeRggCdND9pJ/k0E6IJDVUGGlCj5mlyFqNgxUimytKgstPGv3S+3EmCxjefvtGgWUg==",
      "dependencies": {
        "@stencil/core": "~2.12.0"
      }
    },
    "node_modules/ionicons/node_modules/@stencil/core": {
      "version": "2.12.1",
      "resolved": "https://registry.npmjs.org/@stencil/core/-/core-2.12.1.tgz",
      "integrity": "sha512-u24TZ+FEvjnZt5ZgIkLjLpUNsO6Ml3mUZqwmqk81w6RWWz75hgB5p4RFI5rvuErFeh2xvMIGo+pNdG24XUBz1A==",
      "bin": {
        "stencil": "bin/stencil"
      },
      "engines": {
        "node": ">=12.10.0",
        "npm": ">=6.0.0"
      }
    },
    "node_modules/tslib": {
      "version": "2.3.1",
      "resolved": "https://registry.npmjs.org/tslib/-/tslib-2.3.1.tgz",
      "integrity": "sha512-77EbyPPpMz+FRFRuAFlWMtmgUWGe9UOG2Z25NqCwiIjRhOf5iKGuzSe5P2w1laq+FkRy4p+PCuVkJSGkzTEKVw=="
    }
  },
  "dependencies": {
    "@ionic/core": {
      "version": "6.0.10",
      "resolved": "https://registry.npmjs.org/@ionic/core/-/core-6.0.10.tgz",
      "integrity": "sha512-WPJ/K8pAaXLgsmCoop65MP1zCZxPszeiktCJsM+EzSq9i7PhHiOPVakpNSdDM7hjSVS9bzp3A2Gwv8XJsypfog==",
      "requires": {
        "@stencil/core": "~2.13.0",
        "ionicons": "^6.0.0",
        "tslib": "^2.1.0"
      }
    },
    "@stencil/core": {
      "version": "2.13.0",
      "resolved": "https://registry.npmjs.org/@stencil/core/-/core-2.13.0.tgz",
      "integrity": "sha512-EEKHOHgYpg3/iFUKMXTZJjUayRul7sXDwNw0OGgkEOe4t7JWiibDkzUHuruvpbqEydX+z1+ez5K2bMMY76c2wA=="
    },
    "ionicons": {
      "version": "6.0.1",
      "resolved": "https://registry.npmjs.org/ionicons/-/ionicons-6.0.1.tgz",
      "integrity": "sha512-xQekOJsxH82O7oB+3F60zeRggCdND9pJ/k0E6IJDVUGGlCj5mlyFqNgxUimytKgstPGv3S+3EmCxjefvtGgWUg==",
      "requires": {
        "@stencil/core": "~2.12.0"
      },
      "dependencies": {
        "@stencil/core": {
          "version": "2.12.1",
          "resolved": "https://registry.npmjs.org/@stencil/core/-/core-2.12.1.tgz",
          "integrity": "sha512-u24TZ+FEvjnZt5ZgIkLjLpUNsO6Ml3mUZqwmqk81w6RWWz75hgB5p4RFI5rvuErFeh2xvMIGo+pNdG24XUBz1A=="
        }
      }
    },
    "tslib": {
      "version": "2.3.1",
      "resolved": "https://registry.npmjs.org/tslib/-/tslib-2.3.1.tgz",
      "integrity": "sha512-77EbyPPpMz+FRFRuAFlWMtmgUWGe9UOG2Z25NqCwiIjRhOf5iKGuzSe5P2w1laq+FkRy4p+PCuVkJSGkzTEKVw=="
    }
  }
}
