{
  "name": "@stencil/todo-app",
  "lockfileVersion": 2,
  "requires": true,
  "packages": {
    "": {
      "name": "@stencil/todo-app",
      "devDependencies": {
        "todomvc-app-css": "latest",
        "todomvc-common": "latest",
        "workbox-build": "4.3.1"
      }
    },
    "node_modules/@babel/runtime": {
      "version": "7.17.2",
      "resolved": "https://registry.npmjs.org/@babel/runtime/-/runtime-7.17.2.tgz",
      "integrity": "sha512-hzeyJyMA1YGdJTuWU0e/j4wKXrU4OMFvY2MSlaI9B7VQb0r5cxTE3EAIS2Q7Tn2RIcDkRvTA/v2JsAEhxe99uw==",
      "dev": true,
      "dependencies": {
        "regenerator-runtime": "^0.13.4"
      },
      "engines": {
        "node": ">=6.9.0"
      }
    },
    "node_modules/@hapi/address": {
      "version": "2.1.4",
      "resolved": "https://registry.npmjs.org/@hapi/address/-/address-2.1.4.tgz",
      "integrity": "sha512-QD1PhQk+s31P1ixsX0H0Suoupp3VMXzIVMSwobR3F3MSUO2YCV0B7xqLcUw/Bh8yuvd3LhpyqLQWTNcRmp6IdQ==",
      "deprecated": "Moved to 'npm install @sideway/address'",
      "dev": true
    },
    "node_modules/@hapi/bourne": {
      "version": "1.3.2",
      "resolved": "https://registry.npmjs.org/@hapi/bourne/-/bourne-1.3.2.tgz",
      "integrity": "sha512-1dVNHT76Uu5N3eJNTYcvxee+jzX4Z9lfciqRRHCU27ihbUcYi+iSc2iml5Ke1LXe1SyJCLA0+14Jh4tXJgOppA==",
      "deprecated": "This version has been deprecated and is no longer supported or maintained",
      "dev": true
    },
    "node_modules/@hapi/hoek": {
      "version": "8.5.1",
      "resolved": "https://registry.npmjs.org/@hapi/hoek/-/hoek-8.5.1.tgz",
      "integrity": "sha512-yN7kbciD87WzLGc5539Tn0sApjyiGHAJgKvG9W8C7O+6c7qmoQMfVs0W4bX17eqz6C78QJqqFrtgdK5EWf6Qow==",
      "deprecated": "This version has been deprecated and is no longer supported or maintained",
      "dev": true
    },
    "node_modules/@hapi/joi": {
      "version": "15.1.1",
      "resolved": "https://registry.npmjs.org/@hapi/joi/-/joi-15.1.1.tgz",
      "integrity": "sha512-entf8ZMOK8sc+8YfeOlM8pCfg3b5+WZIKBfUaaJT8UsjAAPjartzxIYm3TIbjvA4u+u++KbcXD38k682nVHDAQ==",
      "deprecated": "Switch to 'npm install joi'",
      "dev": true,
      "dependencies": {
        "@hapi/address": "2.x.x",
        "@hapi/bourne": "1.x.x",
        "@hapi/hoek": "8.x.x",
        "@hapi/topo": "3.x.x"
      }
    },
    "node_modules/@hapi/topo": {
      "version": "3.1.6",
      "resolved": "https://registry.npmjs.org/@hapi/topo/-/topo-3.1.6.tgz",
      "integrity": "sha512-tAag0jEcjwH+P2quUfipd7liWCNX2F8NvYjQp2wtInsZxnMlypdw0FtAOLxtvvkO+GSRRbmNi8m/5y42PQJYCQ==",
      "deprecated": "This version has been deprecated and is no longer supported or maintained",
      "dev": true,
      "dependencies": {
        "@hapi/hoek": "^8.3.0"
      }
    },
    "node_modules/babel-extract-comments": {
      "version": "1.0.0",
      "resolved": "https://registry.npmjs.org/babel-extract-comments/-/babel-extract-comments-1.0.0.tgz",
      "integrity": "sha512-qWWzi4TlddohA91bFwgt6zO/J0X+io7Qp184Fw0m2JYRSTZnJbFR8+07KmzudHCZgOiKRCrjhylwv9Xd8gfhVQ==",
      "dev": true,
      "dependencies": {
        "babylon": "^6.18.0"
      },
      "engines": {
        "node": ">=4"
      }
    },
    "node_modules/babel-plugin-syntax-object-rest-spread": {
      "version": "6.13.0",
      "resolved": "https://registry.npmjs.org/babel-plugin-syntax-object-rest-spread/-/babel-plugin-syntax-object-rest-spread-6.13.0.tgz",
      "integrity": "sha1-/WU28rzhODb/o6VFjEkDpZe7O/U=",
      "dev": true
    },
    "node_modules/babel-plugin-transform-object-rest-spread": {
      "version": "6.26.0",
      "resolved": "https://registry.npmjs.org/babel-plugin-transform-object-rest-spread/-/babel-plugin-transform-object-rest-spread-6.26.0.tgz",
      "integrity": "sha1-DzZpLVD+9rfi1LOsFHgTepY7ewY=",
      "dev": true,
      "dependencies": {
        "babel-plugin-syntax-object-rest-spread": "^6.8.0",
        "babel-runtime": "^6.26.0"
      }
    },
    "node_modules/babel-runtime": {
      "version": "6.26.0",
      "resolved": "https://registry.npmjs.org/babel-runtime/-/babel-runtime-6.26.0.tgz",
      "integrity": "sha1-llxwWGaOgrVde/4E/yM3vItWR/4=",
      "dev": true,
      "dependencies": {
        "core-js": "^2.4.0",
        "regenerator-runtime": "^0.11.0"
      }
    },
    "node_modules/babel-runtime/node_modules/regenerator-runtime": {
      "version": "0.11.1",
      "resolved": "https://registry.npmjs.org/regenerator-runtime/-/regenerator-runtime-0.11.1.tgz",
      "integrity": "sha512-MguG95oij0fC3QV3URf4V2SDYGJhJnJGqvIIgdECeODCT98wSWDAJ94SSuVpYQUoTcGUIL6L4yNB7j1DFFHSBg==",
      "dev": true
    },
    "node_modules/babylon": {
      "version": "6.18.0",
      "resolved": "https://registry.npmjs.org/babylon/-/babylon-6.18.0.tgz",
      "integrity": "sha512-q/UEjfGJ2Cm3oKV71DJz9d25TPnq5rhBVL2Q4fA5wcC3jcrdn7+SssEybFIxwAvvP+YCsCYNKughoF33GxgycQ==",
      "dev": true,
      "bin": {
        "babylon": "bin/babylon.js"
      }
    },
    "node_modules/balanced-match": {
      "version": "1.0.2",
      "resolved": "https://registry.npmjs.org/balanced-match/-/balanced-match-1.0.2.tgz",
      "integrity": "sha512-3oSeUO0TMV67hN1AmbXsK4yaqU7tjiHlbxRDZOpH0KW9+CeX4bRAaX0Anxt0tx2MrpRpWwQaPwIlISEJhYU5Pw==",
      "dev": true
    },
    "node_modules/brace-expansion": {
      "version": "1.1.11",
      "resolved": "https://registry.npmjs.org/brace-expansion/-/brace-expansion-1.1.11.tgz",
      "integrity": "sha512-iCuPHDFgrHX7H2vEI/5xpz07zSHB00TpugqhmYtVmMO6518mCuRMoOYFldEBl0g187ufozdaHgWKcYFb61qGiA==",
      "dev": true,
      "dependencies": {
        "balanced-match": "^1.0.0",
        "concat-map": "0.0.1"
      }
    },
    "node_modules/common-tags": {
      "version": "1.8.2",
      "resolved": "https://registry.npmjs.org/common-tags/-/common-tags-1.8.2.tgz",
      "integrity": "sha512-gk/Z852D2Wtb//0I+kRFNKKE9dIIVirjoqPoA1wJU+XePVXZfGeBpk45+A1rKO4Q43prqWBNY/MiIeRLbPWUaA==",
      "dev": true,
      "engines": {
        "node": ">=4.0.0"
      }
    },
    "node_modules/concat-map": {
      "version": "0.0.1",
      "resolved": "https://registry.npmjs.org/concat-map/-/concat-map-0.0.1.tgz",
      "integrity": "sha1-2Klr13/Wjfd5OnMDajug1UBdR3s=",
      "dev": true
    },
    "node_modules/core-js": {
      "version": "2.6.12",
      "resolved": "https://registry.npmjs.org/core-js/-/core-js-2.6.12.tgz",
      "integrity": "sha512-Kb2wC0fvsWfQrgk8HU5lW6U/Lcs8+9aaYcy4ZFc6DDlo4nZ7n70dEgE5rtR0oG6ufKDUnrwfWL1mXR5ljDatrQ==",
      "deprecated": "core-js@<3.4 is no longer maintained and not recommended for usage due to the number of issues. Because of the V8 engine whims, feature detection in old core-js versions could cause a slowdown up to 100x even if nothing is polyfilled. Please, upgrade your dependencies to the actual version of core-js.",
      "dev": true,
      "hasInstallScript": true
    },
    "node_modules/fs-extra": {
      "version": "4.0.3",
      "resolved": "https://registry.npmjs.org/fs-extra/-/fs-extra-4.0.3.tgz",
      "integrity": "sha512-q6rbdDd1o2mAnQreO7YADIxf/Whx4AHBiRf6d+/cVT8h44ss+lHgxf1FemcqDnQt9X3ct4McHr+JMGlYSsK7Cg==",
      "dev": true,
      "dependencies": {
        "graceful-fs": "^4.1.2",
        "jsonfile": "^4.0.0",
        "universalify": "^0.1.0"
      }
    },
    "node_modules/fs.realpath": {
      "version": "1.0.0",
      "resolved": "https://registry.npmjs.org/fs.realpath/-/fs.realpath-1.0.0.tgz",
      "integrity": "sha1-FQStJSMVjKpA20onh8sBQRmU6k8=",
      "dev": true
    },
    "node_modules/get-own-enumerable-property-symbols": {
      "version": "3.0.2",
      "resolved": "https://registry.npmjs.org/get-own-enumerable-property-symbols/-/get-own-enumerable-property-symbols-3.0.2.tgz",
      "integrity": "sha512-I0UBV/XOz1XkIJHEUDMZAbzCThU/H8DxmSfmdGcKPnVhu2VfFqr34jr9777IyaTYvxjedWhqVIilEDsCdP5G6g==",
      "dev": true
    },
    "node_modules/glob": {
      "version": "7.2.0",
      "resolved": "https://registry.npmjs.org/glob/-/glob-7.2.0.tgz",
      "integrity": "sha512-lmLf6gtyrPq8tTjSmrO94wBeQbFR3HbLHbuyD69wuyQkImp2hWqMGB47OX65FBkPffO641IP9jWa1z4ivqG26Q==",
      "dev": true,
      "dependencies": {
        "fs.realpath": "^1.0.0",
        "inflight": "^1.0.4",
        "inherits": "2",
        "minimatch": "^3.0.4",
        "once": "^1.3.0",
        "path-is-absolute": "^1.0.0"
      },
      "engines": {
        "node": "*"
      },
      "funding": {
        "url": "https://github.com/sponsors/isaacs"
      }
    },
    "node_modules/graceful-fs": {
      "version": "4.2.9",
      "resolved": "https://registry.npmjs.org/graceful-fs/-/graceful-fs-4.2.9.tgz",
      "integrity": "sha512-NtNxqUcXgpW2iMrfqSfR73Glt39K+BLwWsPs94yR63v45T0Wbej7eRmL5cWfwEgqXnmjQp3zaJTshdRW/qC2ZQ==",
      "dev": true
    },
    "node_modules/inflight": {
      "version": "1.0.6",
      "resolved": "https://registry.npmjs.org/inflight/-/inflight-1.0.6.tgz",
      "integrity": "sha1-Sb1jMdfQLQwJvJEKEHW6gWW1bfk=",
      "dev": true,
      "dependencies": {
        "once": "^1.3.0",
        "wrappy": "1"
      }
    },
    "node_modules/inherits": {
      "version": "2.0.4",
      "resolved": "https://registry.npmjs.org/inherits/-/inherits-2.0.4.tgz",
      "integrity": "sha512-k/vGaX4/Yla3WzyMCvTQOXYeIHvqOKtnqBduzTHpzpQZzAskKMhZ2K+EnBiSM9zGSoIFeMpXKxa4dYeZIQqewQ==",
      "dev": true
    },
    "node_modules/is-obj": {
      "version": "1.0.1",
      "resolved": "https://registry.npmjs.org/is-obj/-/is-obj-1.0.1.tgz",
      "integrity": "sha1-PkcprB9f3gJc19g6iW2rn09n2w8=",
      "dev": true,
      "engines": {
        "node": ">=0.10.0"
      }
    },
    "node_modules/is-regexp": {
      "version": "1.0.0",
      "resolved": "https://registry.npmjs.org/is-regexp/-/is-regexp-1.0.0.tgz",
      "integrity": "sha1-/S2INUXEa6xaYz57mgnof6LLUGk=",
      "dev": true,
      "engines": {
        "node": ">=0.10.0"
      }
    },
    "node_modules/jsonfile": {
      "version": "4.0.0",
      "resolved": "https://registry.npmjs.org/jsonfile/-/jsonfile-4.0.0.tgz",
      "integrity": "sha1-h3Gq4HmbZAdrdmQPygWPnBDjPss=",
      "dev": true,
      "optionalDependencies": {
        "graceful-fs": "^4.1.6"
      }
    },
    "node_modules/lodash._reinterpolate": {
      "version": "3.0.0",
      "resolved": "https://registry.npmjs.org/lodash._reinterpolate/-/lodash._reinterpolate-3.0.0.tgz",
      "integrity": "sha1-DM8tiRZq8Ds2Y8eWU4t1rG4RTZ0=",
      "dev": true
    },
    "node_modules/lodash.template": {
      "version": "4.5.0",
      "resolved": "https://registry.npmjs.org/lodash.template/-/lodash.template-4.5.0.tgz",
      "integrity": "sha512-84vYFxIkmidUiFxidA/KjjH9pAycqW+h980j7Fuz5qxRtO9pgB7MDFTdys1N7A5mcucRiDyEq4fusljItR1T/A==",
      "dev": true,
      "dependencies": {
        "lodash._reinterpolate": "^3.0.0",
        "lodash.templatesettings": "^4.0.0"
      }
    },
    "node_modules/lodash.templatesettings": {
      "version": "4.2.0",
      "resolved": "https://registry.npmjs.org/lodash.templatesettings/-/lodash.templatesettings-4.2.0.tgz",
      "integrity": "sha512-stgLz+i3Aa9mZgnjr/O+v9ruKZsPsndy7qPZOchbqk2cnTU1ZaldKK+v7m54WoKIyxiuMZTKT2H81F8BeAc3ZQ==",
      "dev": true,
      "dependencies": {
        "lodash._reinterpolate": "^3.0.0"
      }
    },
    "node_modules/minimatch": {
      "version": "3.1.2",
      "resolved": "https://registry.npmjs.org/minimatch/-/minimatch-3.1.2.tgz",
      "integrity": "sha512-J7p63hRiAjw1NDEww1W7i37+ByIrOWO5XQQAzZ3VOcL0PNybwpfmV/N05zFAzwQ9USyEcX6t3UO+K5aqBQOIHw==",
      "dev": true,
      "dependencies": {
        "brace-expansion": "^1.1.7"
      },
      "engines": {
        "node": "*"
      }
    },
    "node_modules/once": {
      "version": "1.4.0",
      "resolved": "https://registry.npmjs.org/once/-/once-1.4.0.tgz",
      "integrity": "sha1-WDsap3WWHUsROsF9nFC6753Xa9E=",
      "dev": true,
      "dependencies": {
        "wrappy": "1"
      }
    },
    "node_modules/path-is-absolute": {
      "version": "1.0.1",
      "resolved": "https://registry.npmjs.org/path-is-absolute/-/path-is-absolute-1.0.1.tgz",
      "integrity": "sha1-F0uSaHNVNP+8es5r9TpanhtcX18=",
      "dev": true,
      "engines": {
        "node": ">=0.10.0"
      }
    },
    "node_modules/pretty-bytes": {
      "version": "5.6.0",
      "resolved": "https://registry.npmjs.org/pretty-bytes/-/pretty-bytes-5.6.0.tgz",
      "integrity": "sha512-FFw039TmrBqFK8ma/7OL3sDz/VytdtJr044/QUJtH0wK9lb9jLq9tJyIxUwtQJHwar2BqtiA4iCWSwo9JLkzFg==",
      "dev": true,
      "engines": {
        "node": ">=6"
      },
      "funding": {
        "url": "https://github.com/sponsors/sindresorhus"
      }
    },
    "node_modules/regenerator-runtime": {
      "version": "0.13.9",
      "resolved": "https://registry.npmjs.org/regenerator-runtime/-/regenerator-runtime-0.13.9.tgz",
      "integrity": "sha512-p3VT+cOEgxFsRRA9X4lkI1E+k2/CtnKtU4gcxyaCUreilL/vqI6CdZ3wxVUx3UOUg+gnUOQQcRI7BmSI656MYA==",
      "dev": true
    },
    "node_modules/stringify-object": {
      "version": "3.3.0",
      "resolved": "https://registry.npmjs.org/stringify-object/-/stringify-object-3.3.0.tgz",
      "integrity": "sha512-rHqiFh1elqCQ9WPLIC8I0Q/g/wj5J1eMkyoiD6eoQApWHP0FtlK7rqnhmabL5VUY9JQCcqwwvlOaSuutekgyrw==",
      "dev": true,
      "dependencies": {
        "get-own-enumerable-property-symbols": "^3.0.0",
        "is-obj": "^1.0.1",
        "is-regexp": "^1.0.0"
      },
      "engines": {
        "node": ">=4"
      }
    },
    "node_modules/strip-comments": {
      "version": "1.0.2",
      "resolved": "https://registry.npmjs.org/strip-comments/-/strip-comments-1.0.2.tgz",
      "integrity": "sha512-kL97alc47hoyIQSV165tTt9rG5dn4w1dNnBhOQ3bOU1Nc1hel09jnXANaHJ7vzHLd4Ju8kseDGzlev96pghLFw==",
      "dev": true,
      "dependencies": {
        "babel-extract-comments": "^1.0.0",
        "babel-plugin-transform-object-rest-spread": "^6.26.0"
      },
      "engines": {
        "node": ">=4"
      }
    },
    "node_modules/todomvc-app-css": {
      "version": "2.4.2",
      "resolved": "https://registry.npmjs.org/todomvc-app-css/-/todomvc-app-css-2.4.2.tgz",
      "integrity": "sha512-ViAkQ7ed89rmhFIGRsT36njN+97z8+s3XsJnB8E2IKOq+/SLD/6PtSvmTtiwUcVk39qPcjAc/OyeDys4LoJUVg==",
      "dev": true
    },
    "node_modules/todomvc-common": {
      "version": "1.0.5",
      "resolved": "https://registry.npmjs.org/todomvc-common/-/todomvc-common-1.0.5.tgz",
      "integrity": "sha512-D8kEJmxVMQIWwztEdH+WeiAfXRbbSCpgXq4NkYi+gduJ2tr8CNq7sYLfJvjpQ10KD9QxJwig57rvMbV2QAESwQ==",
      "dev": true
    },
    "node_modules/universalify": {
      "version": "0.1.2",
      "resolved": "https://registry.npmjs.org/universalify/-/universalify-0.1.2.tgz",
      "integrity": "sha512-rBJeI5CXAlmy1pV+617WB9J63U6XcazHHF2f2dbJix4XzpUF0RS3Zbj0FGIOCAva5P/d/GBOYaACQ1w+0azUkg==",
      "dev": true,
      "engines": {
        "node": ">= 4.0.0"
      }
    },
    "node_modules/workbox-background-sync": {
      "version": "4.3.1",
      "resolved": "https://registry.npmjs.org/workbox-background-sync/-/workbox-background-sync-4.3.1.tgz",
      "integrity": "sha512-1uFkvU8JXi7L7fCHVBEEnc3asPpiAL33kO495UMcD5+arew9IbKW2rV5lpzhoWcm/qhGB89YfO4PmB/0hQwPRg==",
      "dev": true,
      "dependencies": {
        "workbox-core": "^4.3.1"
      }
    },
    "node_modules/workbox-broadcast-update": {
      "version": "4.3.1",
      "resolved": "https://registry.npmjs.org/workbox-broadcast-update/-/workbox-broadcast-update-4.3.1.tgz",
      "integrity": "sha512-MTSfgzIljpKLTBPROo4IpKjESD86pPFlZwlvVG32Kb70hW+aob4Jxpblud8EhNb1/L5m43DUM4q7C+W6eQMMbA==",
      "dev": true,
      "dependencies": {
        "workbox-core": "^4.3.1"
      }
    },
    "node_modules/workbox-build": {
      "version": "4.3.1",
      "resolved": "https://registry.npmjs.org/workbox-build/-/workbox-build-4.3.1.tgz",
      "integrity": "sha512-UHdwrN3FrDvicM3AqJS/J07X0KXj67R8Cg0waq1MKEOqzo89ap6zh6LmaLnRAjpB+bDIz+7OlPye9iii9KBnxw==",
      "dev": true,
      "dependencies": {
        "@babel/runtime": "^7.3.4",
        "@hapi/joi": "^15.0.0",
        "common-tags": "^1.8.0",
        "fs-extra": "^4.0.2",
        "glob": "^7.1.3",
        "lodash.template": "^4.4.0",
        "pretty-bytes": "^5.1.0",
        "stringify-object": "^3.3.0",
        "strip-comments": "^1.0.2",
        "workbox-background-sync": "^4.3.1",
        "workbox-broadcast-update": "^4.3.1",
        "workbox-cacheable-response": "^4.3.1",
        "workbox-core": "^4.3.1",
        "workbox-expiration": "^4.3.1",
        "workbox-google-analytics": "^4.3.1",
        "workbox-navigation-preload": "^4.3.1",
        "workbox-precaching": "^4.3.1",
        "workbox-range-requests": "^4.3.1",
        "workbox-routing": "^4.3.1",
        "workbox-strategies": "^4.3.1",
        "workbox-streams": "^4.3.1",
        "workbox-sw": "^4.3.1",
        "workbox-window": "^4.3.1"
      },
      "engines": {
        "node": ">=4.0.0"
      }
    },
    "node_modules/workbox-cacheable-response": {
      "version": "4.3.1",
      "resolved": "https://registry.npmjs.org/workbox-cacheable-response/-/workbox-cacheable-response-4.3.1.tgz",
      "integrity": "sha512-Rp5qlzm6z8IOvnQNkCdO9qrDgDpoPNguovs0H8C+wswLuPgSzSp9p2afb5maUt9R1uTIwOXrVQMmPfPypv+npw==",
      "dev": true,
      "dependencies": {
        "workbox-core": "^4.3.1"
      }
    },
    "node_modules/workbox-core": {
      "version": "4.3.1",
      "resolved": "https://registry.npmjs.org/workbox-core/-/workbox-core-4.3.1.tgz",
      "integrity": "sha512-I3C9jlLmMKPxAC1t0ExCq+QoAMd0vAAHULEgRZ7kieCdUd919n53WC0AfvokHNwqRhGn+tIIj7vcb5duCjs2Kg==",
      "dev": true
    },
    "node_modules/workbox-expiration": {
      "version": "4.3.1",
      "resolved": "https://registry.npmjs.org/workbox-expiration/-/workbox-expiration-4.3.1.tgz",
      "integrity": "sha512-vsJLhgQsQouv9m0rpbXubT5jw0jMQdjpkum0uT+d9tTwhXcEZks7qLfQ9dGSaufTD2eimxbUOJfWLbNQpIDMPw==",
      "dev": true,
      "dependencies": {
        "workbox-core": "^4.3.1"
      }
    },
    "node_modules/workbox-google-analytics": {
      "version": "4.3.1",
      "resolved": "https://registry.npmjs.org/workbox-google-analytics/-/workbox-google-analytics-4.3.1.tgz",
      "integrity": "sha512-xzCjAoKuOb55CBSwQrbyWBKqp35yg1vw9ohIlU2wTy06ZrYfJ8rKochb1MSGlnoBfXGWss3UPzxR5QL5guIFdg==",
      "dev": true,
      "dependencies": {
        "workbox-background-sync": "^4.3.1",
        "workbox-core": "^4.3.1",
        "workbox-routing": "^4.3.1",
        "workbox-strategies": "^4.3.1"
      }
    },
    "node_modules/workbox-navigation-preload": {
      "version": "4.3.1",
      "resolved": "https://registry.npmjs.org/workbox-navigation-preload/-/workbox-navigation-preload-4.3.1.tgz",
      "integrity": "sha512-K076n3oFHYp16/C+F8CwrRqD25GitA6Rkd6+qAmLmMv1QHPI2jfDwYqrytOfKfYq42bYtW8Pr21ejZX7GvALOw==",
      "dev": true,
      "dependencies": {
        "workbox-core": "^4.3.1"
      }
    },
    "node_modules/workbox-precaching": {
      "version": "4.3.1",
      "resolved": "https://registry.npmjs.org/workbox-precaching/-/workbox-precaching-4.3.1.tgz",
      "integrity": "sha512-piSg/2csPoIi/vPpp48t1q5JLYjMkmg5gsXBQkh/QYapCdVwwmKlU9mHdmy52KsDGIjVaqEUMFvEzn2LRaigqQ==",
      "dev": true,
      "dependencies": {
        "workbox-core": "^4.3.1"
      }
    },
    "node_modules/workbox-range-requests": {
      "version": "4.3.1",
      "resolved": "https://registry.npmjs.org/workbox-range-requests/-/workbox-range-requests-4.3.1.tgz",
      "integrity": "sha512-S+HhL9+iTFypJZ/yQSl/x2Bf5pWnbXdd3j57xnb0V60FW1LVn9LRZkPtneODklzYuFZv7qK6riZ5BNyc0R0jZA==",
      "dev": true,
      "dependencies": {
        "workbox-core": "^4.3.1"
      }
    },
    "node_modules/workbox-routing": {
      "version": "4.3.1",
      "resolved": "https://registry.npmjs.org/workbox-routing/-/workbox-routing-4.3.1.tgz",
      "integrity": "sha512-FkbtrODA4Imsi0p7TW9u9MXuQ5P4pVs1sWHK4dJMMChVROsbEltuE79fBoIk/BCztvOJ7yUpErMKa4z3uQLX+g==",
      "dev": true,
      "dependencies": {
        "workbox-core": "^4.3.1"
      }
    },
    "node_modules/workbox-strategies": {
      "version": "4.3.1",
      "resolved": "https://registry.npmjs.org/workbox-strategies/-/workbox-strategies-4.3.1.tgz",
      "integrity": "sha512-F/+E57BmVG8dX6dCCopBlkDvvhg/zj6VDs0PigYwSN23L8hseSRwljrceU2WzTvk/+BSYICsWmRq5qHS2UYzhw==",
      "dev": true,
      "dependencies": {
        "workbox-core": "^4.3.1"
      }
    },
    "node_modules/workbox-streams": {
      "version": "4.3.1",
      "resolved": "https://registry.npmjs.org/workbox-streams/-/workbox-streams-4.3.1.tgz",
      "integrity": "sha512-4Kisis1f/y0ihf4l3u/+ndMkJkIT4/6UOacU3A4BwZSAC9pQ9vSvJpIi/WFGQRH/uPXvuVjF5c2RfIPQFSS2uA==",
      "dev": true,
      "dependencies": {
        "workbox-core": "^4.3.1"
      }
    },
    "node_modules/workbox-sw": {
      "version": "4.3.1",
      "resolved": "https://registry.npmjs.org/workbox-sw/-/workbox-sw-4.3.1.tgz",
      "integrity": "sha512-0jXdusCL2uC5gM3yYFT6QMBzKfBr2XTk0g5TPAV4y8IZDyVNDyj1a8uSXy3/XrvkVTmQvLN4O5k3JawGReXr9w==",
      "dev": true
    },
    "node_modules/workbox-window": {
      "version": "4.3.1",
      "resolved": "https://registry.npmjs.org/workbox-window/-/workbox-window-4.3.1.tgz",
      "integrity": "sha512-C5gWKh6I58w3GeSc0wp2Ne+rqVw8qwcmZnQGpjiek8A2wpbxSJb1FdCoQVO+jDJs35bFgo/WETgl1fqgsxN0Hg==",
      "dev": true,
      "dependencies": {
        "workbox-core": "^4.3.1"
      }
    },
    "node_modules/wrappy": {
      "version": "1.0.2",
      "resolved": "https://registry.npmjs.org/wrappy/-/wrappy-1.0.2.tgz",
      "integrity": "sha1-tSQ9jz7BqjXxNkYFvA0QNuMKtp8=",
      "dev": true
    }
  },
  "dependencies": {
    "@babel/runtime": {
      "version": "7.17.2",
      "resolved": "https://registry.npmjs.org/@babel/runtime/-/runtime-7.17.2.tgz",
      "integrity": "sha512-hzeyJyMA1YGdJTuWU0e/j4wKXrU4OMFvY2MSlaI9B7VQb0r5cxTE3EAIS2Q7Tn2RIcDkRvTA/v2JsAEhxe99uw==",
      "dev": true,
      "requires": {
        "regenerator-runtime": "^0.13.4"
      }
    },
    "@hapi/address": {
      "version": "2.1.4",
      "resolved": "https://registry.npmjs.org/@hapi/address/-/address-2.1.4.tgz",
      "integrity": "sha512-QD1PhQk+s31P1ixsX0H0Suoupp3VMXzIVMSwobR3F3MSUO2YCV0B7xqLcUw/Bh8yuvd3LhpyqLQWTNcRmp6IdQ==",
      "dev": true
    },
    "@hapi/bourne": {
      "version": "1.3.2",
      "resolved": "https://registry.npmjs.org/@hapi/bourne/-/bourne-1.3.2.tgz",
      "integrity": "sha512-1dVNHT76Uu5N3eJNTYcvxee+jzX4Z9lfciqRRHCU27ihbUcYi+iSc2iml5Ke1LXe1SyJCLA0+14Jh4tXJgOppA==",
      "dev": true
    },
    "@hapi/hoek": {
      "version": "8.5.1",
      "resolved": "https://registry.npmjs.org/@hapi/hoek/-/hoek-8.5.1.tgz",
      "integrity": "sha512-yN7kbciD87WzLGc5539Tn0sApjyiGHAJgKvG9W8C7O+6c7qmoQMfVs0W4bX17eqz6C78QJqqFrtgdK5EWf6Qow==",
      "dev": true
    },
    "@hapi/joi": {
      "version": "15.1.1",
      "resolved": "https://registry.npmjs.org/@hapi/joi/-/joi-15.1.1.tgz",
      "integrity": "sha512-entf8ZMOK8sc+8YfeOlM8pCfg3b5+WZIKBfUaaJT8UsjAAPjartzxIYm3TIbjvA4u+u++KbcXD38k682nVHDAQ==",
      "dev": true,
      "requires": {
        "@hapi/address": "2.x.x",
        "@hapi/bourne": "1.x.x",
        "@hapi/hoek": "8.x.x",
        "@hapi/topo": "3.x.x"
      }
    },
    "@hapi/topo": {
      "version": "3.1.6",
      "resolved": "https://registry.npmjs.org/@hapi/topo/-/topo-3.1.6.tgz",
      "integrity": "sha512-tAag0jEcjwH+P2quUfipd7liWCNX2F8NvYjQp2wtInsZxnMlypdw0FtAOLxtvvkO+GSRRbmNi8m/5y42PQJYCQ==",
      "dev": true,
      "requires": {
        "@hapi/hoek": "^8.3.0"
      }
    },
    "babel-extract-comments": {
      "version": "1.0.0",
      "resolved": "https://registry.npmjs.org/babel-extract-comments/-/babel-extract-comments-1.0.0.tgz",
      "integrity": "sha512-qWWzi4TlddohA91bFwgt6zO/J0X+io7Qp184Fw0m2JYRSTZnJbFR8+07KmzudHCZgOiKRCrjhylwv9Xd8gfhVQ==",
      "dev": true,
      "requires": {
        "babylon": "^6.18.0"
      }
    },
    "babel-plugin-syntax-object-rest-spread": {
      "version": "6.13.0",
      "resolved": "https://registry.npmjs.org/babel-plugin-syntax-object-rest-spread/-/babel-plugin-syntax-object-rest-spread-6.13.0.tgz",
      "integrity": "sha1-/WU28rzhODb/o6VFjEkDpZe7O/U=",
      "dev": true
    },
    "babel-plugin-transform-object-rest-spread": {
      "version": "6.26.0",
      "resolved": "https://registry.npmjs.org/babel-plugin-transform-object-rest-spread/-/babel-plugin-transform-object-rest-spread-6.26.0.tgz",
      "integrity": "sha1-DzZpLVD+9rfi1LOsFHgTepY7ewY=",
      "dev": true,
      "requires": {
        "babel-plugin-syntax-object-rest-spread": "^6.8.0",
        "babel-runtime": "^6.26.0"
      }
    },
    "babel-runtime": {
      "version": "6.26.0",
      "resolved": "https://registry.npmjs.org/babel-runtime/-/babel-runtime-6.26.0.tgz",
      "integrity": "sha1-llxwWGaOgrVde/4E/yM3vItWR/4=",
      "dev": true,
      "requires": {
        "core-js": "^2.4.0",
        "regenerator-runtime": "^0.11.0"
      },
      "dependencies": {
        "regenerator-runtime": {
          "version": "0.11.1",
          "resolved": "https://registry.npmjs.org/regenerator-runtime/-/regenerator-runtime-0.11.1.tgz",
          "integrity": "sha512-MguG95oij0fC3QV3URf4V2SDYGJhJnJGqvIIgdECeODCT98wSWDAJ94SSuVpYQUoTcGUIL6L4yNB7j1DFFHSBg==",
          "dev": true
        }
      }
    },
    "babylon": {
      "version": "6.18.0",
      "resolved": "https://registry.npmjs.org/babylon/-/babylon-6.18.0.tgz",
      "integrity": "sha512-q/UEjfGJ2Cm3oKV71DJz9d25TPnq5rhBVL2Q4fA5wcC3jcrdn7+SssEybFIxwAvvP+YCsCYNKughoF33GxgycQ==",
      "dev": true
    },
    "balanced-match": {
      "version": "1.0.2",
      "resolved": "https://registry.npmjs.org/balanced-match/-/balanced-match-1.0.2.tgz",
      "integrity": "sha512-3oSeUO0TMV67hN1AmbXsK4yaqU7tjiHlbxRDZOpH0KW9+CeX4bRAaX0Anxt0tx2MrpRpWwQaPwIlISEJhYU5Pw==",
      "dev": true
    },
    "brace-expansion": {
      "version": "1.1.11",
      "resolved": "https://registry.npmjs.org/brace-expansion/-/brace-expansion-1.1.11.tgz",
      "integrity": "sha512-iCuPHDFgrHX7H2vEI/5xpz07zSHB00TpugqhmYtVmMO6518mCuRMoOYFldEBl0g187ufozdaHgWKcYFb61qGiA==",
      "dev": true,
      "requires": {
        "balanced-match": "^1.0.0",
        "concat-map": "0.0.1"
      }
    },
    "common-tags": {
      "version": "1.8.2",
      "resolved": "https://registry.npmjs.org/common-tags/-/common-tags-1.8.2.tgz",
      "integrity": "sha512-gk/Z852D2Wtb//0I+kRFNKKE9dIIVirjoqPoA1wJU+XePVXZfGeBpk45+A1rKO4Q43prqWBNY/MiIeRLbPWUaA==",
      "dev": true
    },
    "concat-map": {
      "version": "0.0.1",
      "resolved": "https://registry.npmjs.org/concat-map/-/concat-map-0.0.1.tgz",
      "integrity": "sha1-2Klr13/Wjfd5OnMDajug1UBdR3s=",
      "dev": true
    },
    "core-js": {
      "version": "2.6.12",
      "resolved": "https://registry.npmjs.org/core-js/-/core-js-2.6.12.tgz",
      "integrity": "sha512-Kb2wC0fvsWfQrgk8HU5lW6U/Lcs8+9aaYcy4ZFc6DDlo4nZ7n70dEgE5rtR0oG6ufKDUnrwfWL1mXR5ljDatrQ==",
      "dev": true
    },
    "fs-extra": {
      "version": "4.0.3",
      "resolved": "https://registry.npmjs.org/fs-extra/-/fs-extra-4.0.3.tgz",
      "integrity": "sha512-q6rbdDd1o2mAnQreO7YADIxf/Whx4AHBiRf6d+/cVT8h44ss+lHgxf1FemcqDnQt9X3ct4McHr+JMGlYSsK7Cg==",
      "dev": true,
      "requires": {
        "graceful-fs": "^4.1.2",
        "jsonfile": "^4.0.0",
        "universalify": "^0.1.0"
      }
    },
    "fs.realpath": {
      "version": "1.0.0",
      "resolved": "https://registry.npmjs.org/fs.realpath/-/fs.realpath-1.0.0.tgz",
      "integrity": "sha1-FQStJSMVjKpA20onh8sBQRmU6k8=",
      "dev": true
    },
    "get-own-enumerable-property-symbols": {
      "version": "3.0.2",
      "resolved": "https://registry.npmjs.org/get-own-enumerable-property-symbols/-/get-own-enumerable-property-symbols-3.0.2.tgz",
      "integrity": "sha512-I0UBV/XOz1XkIJHEUDMZAbzCThU/H8DxmSfmdGcKPnVhu2VfFqr34jr9777IyaTYvxjedWhqVIilEDsCdP5G6g==",
      "dev": true
    },
    "glob": {
      "version": "7.2.0",
      "resolved": "https://registry.npmjs.org/glob/-/glob-7.2.0.tgz",
      "integrity": "sha512-lmLf6gtyrPq8tTjSmrO94wBeQbFR3HbLHbuyD69wuyQkImp2hWqMGB47OX65FBkPffO641IP9jWa1z4ivqG26Q==",
      "dev": true,
      "requires": {
        "fs.realpath": "^1.0.0",
        "inflight": "^1.0.4",
        "inherits": "2",
        "minimatch": "^3.0.4",
        "once": "^1.3.0",
        "path-is-absolute": "^1.0.0"
      }
    },
    "graceful-fs": {
      "version": "4.2.9",
      "resolved": "https://registry.npmjs.org/graceful-fs/-/graceful-fs-4.2.9.tgz",
      "integrity": "sha512-NtNxqUcXgpW2iMrfqSfR73Glt39K+BLwWsPs94yR63v45T0Wbej7eRmL5cWfwEgqXnmjQp3zaJTshdRW/qC2ZQ==",
      "dev": true
    },
    "inflight": {
      "version": "1.0.6",
      "resolved": "https://registry.npmjs.org/inflight/-/inflight-1.0.6.tgz",
      "integrity": "sha1-Sb1jMdfQLQwJvJEKEHW6gWW1bfk=",
      "dev": true,
      "requires": {
        "once": "^1.3.0",
        "wrappy": "1"
      }
    },
    "inherits": {
      "version": "2.0.4",
      "resolved": "https://registry.npmjs.org/inherits/-/inherits-2.0.4.tgz",
      "integrity": "sha512-k/vGaX4/Yla3WzyMCvTQOXYeIHvqOKtnqBduzTHpzpQZzAskKMhZ2K+EnBiSM9zGSoIFeMpXKxa4dYeZIQqewQ==",
      "dev": true
    },
    "is-obj": {
      "version": "1.0.1",
      "resolved": "https://registry.npmjs.org/is-obj/-/is-obj-1.0.1.tgz",
      "integrity": "sha1-PkcprB9f3gJc19g6iW2rn09n2w8=",
      "dev": true
    },
    "is-regexp": {
      "version": "1.0.0",
      "resolved": "https://registry.npmjs.org/is-regexp/-/is-regexp-1.0.0.tgz",
      "integrity": "sha1-/S2INUXEa6xaYz57mgnof6LLUGk=",
      "dev": true
    },
    "jsonfile": {
      "version": "4.0.0",
      "resolved": "https://registry.npmjs.org/jsonfile/-/jsonfile-4.0.0.tgz",
      "integrity": "sha1-h3Gq4HmbZAdrdmQPygWPnBDjPss=",
      "dev": true,
      "requires": {
        "graceful-fs": "^4.1.6"
      }
    },
    "lodash._reinterpolate": {
      "version": "3.0.0",
      "resolved": "https://registry.npmjs.org/lodash._reinterpolate/-/lodash._reinterpolate-3.0.0.tgz",
      "integrity": "sha1-DM8tiRZq8Ds2Y8eWU4t1rG4RTZ0=",
      "dev": true
    },
    "lodash.template": {
      "version": "4.5.0",
      "resolved": "https://registry.npmjs.org/lodash.template/-/lodash.template-4.5.0.tgz",
      "integrity": "sha512-84vYFxIkmidUiFxidA/KjjH9pAycqW+h980j7Fuz5qxRtO9pgB7MDFTdys1N7A5mcucRiDyEq4fusljItR1T/A==",
      "dev": true,
      "requires": {
        "lodash._reinterpolate": "^3.0.0",
        "lodash.templatesettings": "^4.0.0"
      }
    },
    "lodash.templatesettings": {
      "version": "4.2.0",
      "resolved": "https://registry.npmjs.org/lodash.templatesettings/-/lodash.templatesettings-4.2.0.tgz",
      "integrity": "sha512-stgLz+i3Aa9mZgnjr/O+v9ruKZsPsndy7qPZOchbqk2cnTU1ZaldKK+v7m54WoKIyxiuMZTKT2H81F8BeAc3ZQ==",
      "dev": true,
      "requires": {
        "lodash._reinterpolate": "^3.0.0"
      }
    },
    "minimatch": {
      "version": "3.1.2",
      "resolved": "https://registry.npmjs.org/minimatch/-/minimatch-3.1.2.tgz",
      "integrity": "sha512-J7p63hRiAjw1NDEww1W7i37+ByIrOWO5XQQAzZ3VOcL0PNybwpfmV/N05zFAzwQ9USyEcX6t3UO+K5aqBQOIHw==",
      "dev": true,
      "requires": {
        "brace-expansion": "^1.1.7"
      }
    },
    "once": {
      "version": "1.4.0",
      "resolved": "https://registry.npmjs.org/once/-/once-1.4.0.tgz",
      "integrity": "sha1-WDsap3WWHUsROsF9nFC6753Xa9E=",
      "dev": true,
      "requires": {
        "wrappy": "1"
      }
    },
    "path-is-absolute": {
      "version": "1.0.1",
      "resolved": "https://registry.npmjs.org/path-is-absolute/-/path-is-absolute-1.0.1.tgz",
      "integrity": "sha1-F0uSaHNVNP+8es5r9TpanhtcX18=",
      "dev": true
    },
    "pretty-bytes": {
      "version": "5.6.0",
      "resolved": "https://registry.npmjs.org/pretty-bytes/-/pretty-bytes-5.6.0.tgz",
      "integrity": "sha512-FFw039TmrBqFK8ma/7OL3sDz/VytdtJr044/QUJtH0wK9lb9jLq9tJyIxUwtQJHwar2BqtiA4iCWSwo9JLkzFg==",
      "dev": true
    },
    "regenerator-runtime": {
      "version": "0.13.9",
      "resolved": "https://registry.npmjs.org/regenerator-runtime/-/regenerator-runtime-0.13.9.tgz",
      "integrity": "sha512-p3VT+cOEgxFsRRA9X4lkI1E+k2/CtnKtU4gcxyaCUreilL/vqI6CdZ3wxVUx3UOUg+gnUOQQcRI7BmSI656MYA==",
      "dev": true
    },
    "stringify-object": {
      "version": "3.3.0",
      "resolved": "https://registry.npmjs.org/stringify-object/-/stringify-object-3.3.0.tgz",
      "integrity": "sha512-rHqiFh1elqCQ9WPLIC8I0Q/g/wj5J1eMkyoiD6eoQApWHP0FtlK7rqnhmabL5VUY9JQCcqwwvlOaSuutekgyrw==",
      "dev": true,
      "requires": {
        "get-own-enumerable-property-symbols": "^3.0.0",
        "is-obj": "^1.0.1",
        "is-regexp": "^1.0.0"
      }
    },
    "strip-comments": {
      "version": "1.0.2",
      "resolved": "https://registry.npmjs.org/strip-comments/-/strip-comments-1.0.2.tgz",
      "integrity": "sha512-kL97alc47hoyIQSV165tTt9rG5dn4w1dNnBhOQ3bOU1Nc1hel09jnXANaHJ7vzHLd4Ju8kseDGzlev96pghLFw==",
      "dev": true,
      "requires": {
        "babel-extract-comments": "^1.0.0",
        "babel-plugin-transform-object-rest-spread": "^6.26.0"
      }
    },
    "todomvc-app-css": {
      "version": "2.4.2",
      "resolved": "https://registry.npmjs.org/todomvc-app-css/-/todomvc-app-css-2.4.2.tgz",
      "integrity": "sha512-ViAkQ7ed89rmhFIGRsT36njN+97z8+s3XsJnB8E2IKOq+/SLD/6PtSvmTtiwUcVk39qPcjAc/OyeDys4LoJUVg==",
      "dev": true
    },
    "todomvc-common": {
      "version": "1.0.5",
      "resolved": "https://registry.npmjs.org/todomvc-common/-/todomvc-common-1.0.5.tgz",
      "integrity": "sha512-D8kEJmxVMQIWwztEdH+WeiAfXRbbSCpgXq4NkYi+gduJ2tr8CNq7sYLfJvjpQ10KD9QxJwig57rvMbV2QAESwQ==",
      "dev": true
    },
    "universalify": {
      "version": "0.1.2",
      "resolved": "https://registry.npmjs.org/universalify/-/universalify-0.1.2.tgz",
      "integrity": "sha512-rBJeI5CXAlmy1pV+617WB9J63U6XcazHHF2f2dbJix4XzpUF0RS3Zbj0FGIOCAva5P/d/GBOYaACQ1w+0azUkg==",
      "dev": true
    },
    "workbox-background-sync": {
      "version": "4.3.1",
      "resolved": "https://registry.npmjs.org/workbox-background-sync/-/workbox-background-sync-4.3.1.tgz",
      "integrity": "sha512-1uFkvU8JXi7L7fCHVBEEnc3asPpiAL33kO495UMcD5+arew9IbKW2rV5lpzhoWcm/qhGB89YfO4PmB/0hQwPRg==",
      "dev": true,
      "requires": {
        "workbox-core": "^4.3.1"
      }
    },
    "workbox-broadcast-update": {
      "version": "4.3.1",
      "resolved": "https://registry.npmjs.org/workbox-broadcast-update/-/workbox-broadcast-update-4.3.1.tgz",
      "integrity": "sha512-MTSfgzIljpKLTBPROo4IpKjESD86pPFlZwlvVG32Kb70hW+aob4Jxpblud8EhNb1/L5m43DUM4q7C+W6eQMMbA==",
      "dev": true,
      "requires": {
        "workbox-core": "^4.3.1"
      }
    },
    "workbox-build": {
      "version": "4.3.1",
      "resolved": "https://registry.npmjs.org/workbox-build/-/workbox-build-4.3.1.tgz",
      "integrity": "sha512-UHdwrN3FrDvicM3AqJS/J07X0KXj67R8Cg0waq1MKEOqzo89ap6zh6LmaLnRAjpB+bDIz+7OlPye9iii9KBnxw==",
      "dev": true,
      "requires": {
        "@babel/runtime": "^7.3.4",
        "@hapi/joi": "^15.0.0",
        "common-tags": "^1.8.0",
        "fs-extra": "^4.0.2",
        "glob": "^7.1.3",
        "lodash.template": "^4.4.0",
        "pretty-bytes": "^5.1.0",
        "stringify-object": "^3.3.0",
        "strip-comments": "^1.0.2",
        "workbox-background-sync": "^4.3.1",
        "workbox-broadcast-update": "^4.3.1",
        "workbox-cacheable-response": "^4.3.1",
        "workbox-core": "^4.3.1",
        "workbox-expiration": "^4.3.1",
        "workbox-google-analytics": "^4.3.1",
        "workbox-navigation-preload": "^4.3.1",
        "workbox-precaching": "^4.3.1",
        "workbox-range-requests": "^4.3.1",
        "workbox-routing": "^4.3.1",
        "workbox-strategies": "^4.3.1",
        "workbox-streams": "^4.3.1",
        "workbox-sw": "^4.3.1",
        "workbox-window": "^4.3.1"
      }
    },
    "workbox-cacheable-response": {
      "version": "4.3.1",
      "resolved": "https://registry.npmjs.org/workbox-cacheable-response/-/workbox-cacheable-response-4.3.1.tgz",
      "integrity": "sha512-Rp5qlzm6z8IOvnQNkCdO9qrDgDpoPNguovs0H8C+wswLuPgSzSp9p2afb5maUt9R1uTIwOXrVQMmPfPypv+npw==",
      "dev": true,
      "requires": {
        "workbox-core": "^4.3.1"
      }
    },
    "workbox-core": {
      "version": "4.3.1",
      "resolved": "https://registry.npmjs.org/workbox-core/-/workbox-core-4.3.1.tgz",
      "integrity": "sha512-I3C9jlLmMKPxAC1t0ExCq+QoAMd0vAAHULEgRZ7kieCdUd919n53WC0AfvokHNwqRhGn+tIIj7vcb5duCjs2Kg==",
      "dev": true
    },
    "workbox-expiration": {
      "version": "4.3.1",
      "resolved": "https://registry.npmjs.org/workbox-expiration/-/workbox-expiration-4.3.1.tgz",
      "integrity": "sha512-vsJLhgQsQouv9m0rpbXubT5jw0jMQdjpkum0uT+d9tTwhXcEZks7qLfQ9dGSaufTD2eimxbUOJfWLbNQpIDMPw==",
      "dev": true,
      "requires": {
        "workbox-core": "^4.3.1"
      }
    },
    "workbox-google-analytics": {
      "version": "4.3.1",
      "resolved": "https://registry.npmjs.org/workbox-google-analytics/-/workbox-google-analytics-4.3.1.tgz",
      "integrity": "sha512-xzCjAoKuOb55CBSwQrbyWBKqp35yg1vw9ohIlU2wTy06ZrYfJ8rKochb1MSGlnoBfXGWss3UPzxR5QL5guIFdg==",
      "dev": true,
      "requires": {
        "workbox-background-sync": "^4.3.1",
        "workbox-core": "^4.3.1",
        "workbox-routing": "^4.3.1",
        "workbox-strategies": "^4.3.1"
      }
    },
    "workbox-navigation-preload": {
      "version": "4.3.1",
      "resolved": "https://registry.npmjs.org/workbox-navigation-preload/-/workbox-navigation-preload-4.3.1.tgz",
      "integrity": "sha512-K076n3oFHYp16/C+F8CwrRqD25GitA6Rkd6+qAmLmMv1QHPI2jfDwYqrytOfKfYq42bYtW8Pr21ejZX7GvALOw==",
      "dev": true,
      "requires": {
        "workbox-core": "^4.3.1"
      }
    },
    "workbox-precaching": {
      "version": "4.3.1",
      "resolved": "https://registry.npmjs.org/workbox-precaching/-/workbox-precaching-4.3.1.tgz",
      "integrity": "sha512-piSg/2csPoIi/vPpp48t1q5JLYjMkmg5gsXBQkh/QYapCdVwwmKlU9mHdmy52KsDGIjVaqEUMFvEzn2LRaigqQ==",
      "dev": true,
      "requires": {
        "workbox-core": "^4.3.1"
      }
    },
    "workbox-range-requests": {
      "version": "4.3.1",
      "resolved": "https://registry.npmjs.org/workbox-range-requests/-/workbox-range-requests-4.3.1.tgz",
      "integrity": "sha512-S+HhL9+iTFypJZ/yQSl/x2Bf5pWnbXdd3j57xnb0V60FW1LVn9LRZkPtneODklzYuFZv7qK6riZ5BNyc0R0jZA==",
      "dev": true,
      "requires": {
        "workbox-core": "^4.3.1"
      }
    },
    "workbox-routing": {
      "version": "4.3.1",
      "resolved": "https://registry.npmjs.org/workbox-routing/-/workbox-routing-4.3.1.tgz",
      "integrity": "sha512-FkbtrODA4Imsi0p7TW9u9MXuQ5P4pVs1sWHK4dJMMChVROsbEltuE79fBoIk/BCztvOJ7yUpErMKa4z3uQLX+g==",
      "dev": true,
      "requires": {
        "workbox-core": "^4.3.1"
      }
    },
    "workbox-strategies": {
      "version": "4.3.1",
      "resolved": "https://registry.npmjs.org/workbox-strategies/-/workbox-strategies-4.3.1.tgz",
      "integrity": "sha512-F/+E57BmVG8dX6dCCopBlkDvvhg/zj6VDs0PigYwSN23L8hseSRwljrceU2WzTvk/+BSYICsWmRq5qHS2UYzhw==",
      "dev": true,
      "requires": {
        "workbox-core": "^4.3.1"
      }
    },
    "workbox-streams": {
      "version": "4.3.1",
      "resolved": "https://registry.npmjs.org/workbox-streams/-/workbox-streams-4.3.1.tgz",
      "integrity": "sha512-4Kisis1f/y0ihf4l3u/+ndMkJkIT4/6UOacU3A4BwZSAC9pQ9vSvJpIi/WFGQRH/uPXvuVjF5c2RfIPQFSS2uA==",
      "dev": true,
      "requires": {
        "workbox-core": "^4.3.1"
      }
    },
    "workbox-sw": {
      "version": "4.3.1",
      "resolved": "https://registry.npmjs.org/workbox-sw/-/workbox-sw-4.3.1.tgz",
      "integrity": "sha512-0jXdusCL2uC5gM3yYFT6QMBzKfBr2XTk0g5TPAV4y8IZDyVNDyj1a8uSXy3/XrvkVTmQvLN4O5k3JawGReXr9w==",
      "dev": true
    },
    "workbox-window": {
      "version": "4.3.1",
      "resolved": "https://registry.npmjs.org/workbox-window/-/workbox-window-4.3.1.tgz",
      "integrity": "sha512-C5gWKh6I58w3GeSc0wp2Ne+rqVw8qwcmZnQGpjiek8A2wpbxSJb1FdCoQVO+jDJs35bFgo/WETgl1fqgsxN0Hg==",
      "dev": true,
      "requires": {
        "workbox-core": "^4.3.1"
      }
    },
    "wrappy": {
      "version": "1.0.2",
      "resolved": "https://registry.npmjs.org/wrappy/-/wrappy-1.0.2.tgz",
      "integrity": "sha1-tSQ9jz7BqjXxNkYFvA0QNuMKtp8=",
      "dev": true
    }
  }
}
