{
  "name": "@stencil/jest-27-and-under",
  "version": "1.0.0",
  "lockfileVersion": 3,
  "requires": true,
  "packages": {
    "": {
      "name": "@stencil/jest-27-and-under",
      "version": "1.0.0",
      "license": "MIT",
      "devDependencies": {
        "@types/jest": "^27.5.2"
      }
    },
    "node_modules/@types/jest": {
      "version": "27.5.2",
      "resolved": "https://registry.npmjs.org/@types/jest/-/jest-27.5.2.tgz",
      "integrity": "sha512-mpT8LJJ4CMeeahobofYWIjFo0xonRS/HfxnVEPMPFSQdGUt1uHCnoPT7Zhb+sjDU2wz0oKV0OLUR0WzrHNgfeA==",
      "dev": true,
      "dependencies": {
        "jest-matcher-utils": "^27.0.0",
        "pretty-format": "^27.0.0"
      }
    },
    "node_modules/ansi-regex": {
      "version": "5.0.1",
      "resolved": "https://registry.npmjs.org/ansi-regex/-/ansi-regex-5.0.1.tgz",
      "integrity": "sha512-quJQXlTSUGL2LH9SUXo8VwsY4soanhgo6LNSm84E1LBcE8s3O0wpdiRzyR9z/ZZJMlMWv37qOOb9pdJlMUEKFQ==",
      "dev": true,
      "engines": {
        "node": ">=8"
      }
    },
    "node_modules/ansi-styles": {
      "version": "4.3.0",
      "resolved": "https://registry.npmjs.org/ansi-styles/-/ansi-styles-4.3.0.tgz",
      "integrity": "sha512-zbB9rCJAT1rbjiVDb2hqKFHNYLxgtk8NURxZ3IZwD3F6NtxbXZQCnnSi1Lkx+IDohdPlFp222wVALIheZJQSEg==",
      "dev": true,
      "dependencies": {
        "color-convert": "^2.0.1"
      },
      "engines": {
        "node": ">=8"
      },
      "funding": {
        "url": "https://github.com/chalk/ansi-styles?sponsor=1"
      }
    },
    "node_modules/chalk": {
      "version": "4.1.2",
      "resolved": "https://registry.npmjs.org/chalk/-/chalk-4.1.2.tgz",
      "integrity": "sha512-oKnbhFyRIXpUuez8iBMmyEa4nbj4IOQyuhc/wy9kY7/WVPcwIO9VA668Pu8RkO7+0G76SLROeyw9CpQ061i4mA==",
      "dev": true,
      "dependencies": {
        "ansi-styles": "^4.1.0",
        "supports-color": "^7.1.0"
      },
      "engines": {
        "node": ">=10"
      },
      "funding": {
        "url": "https://github.com/chalk/chalk?sponsor=1"
      }
    },
    "node_modules/color-convert": {
      "version": "2.0.1",
      "resolved": "https://registry.npmjs.org/color-convert/-/color-convert-2.0.1.tgz",
      "integrity": "sha512-RRECPsj7iu/xb5oKYcsFHSppFNnsj/52OVTRKb4zP5onXwVF3zVmmToNcOfGC+CRDpfK/U584fMg38ZHCaElKQ==",
      "dev": true,
      "dependencies": {
        "color-name": "~1.1.4"
      },
      "engines": {
        "node": ">=7.0.0"
      }
    },
    "node_modules/color-name": {
      "version": "1.1.4",
      "resolved": "https://registry.npmjs.org/color-name/-/color-name-1.1.4.tgz",
      "integrity": "sha512-dOy+3AuW3a2wNbZHIuMZpTcgjGuLU/uBL/ubcZF9OXbDo8ff4O8yVp5Bf0efS8uEoYo5q4Fx7dY9OgQGXgAsQA==",
      "dev": true
    },
    "node_modules/diff-sequences": {
      "version": "27.5.1",
      "resolved": "https://registry.npmjs.org/diff-sequences/-/diff-sequences-27.5.1.tgz",
      "integrity": "sha512-k1gCAXAsNgLwEL+Y8Wvl+M6oEFj5bgazfZULpS5CneoPPXRaCCW7dm+q21Ky2VEE5X+VeRDBVg1Pcvvsr4TtNQ==",
      "dev": true,
      "engines": {
        "node": "^10.13.0 || ^12.13.0 || ^14.15.0 || >=15.0.0"
      }
    },
    "node_modules/has-flag": {
      "version": "4.0.0",
      "resolved": "https://registry.npmjs.org/has-flag/-/has-flag-4.0.0.tgz",
      "integrity": "sha512-EykJT/Q1KjTWctppgIAgfSO0tKVuZUjhgMr17kqTumMl6Afv3EISleU7qZUzoXDFTAHTDC4NOoG/ZxU3EvlMPQ==",
      "dev": true,
      "engines": {
        "node": ">=8"
      }
    },
    "node_modules/jest-diff": {
      "version": "27.5.1",
      "resolved": "https://registry.npmjs.org/jest-diff/-/jest-diff-27.5.1.tgz",
      "integrity": "sha512-m0NvkX55LDt9T4mctTEgnZk3fmEg3NRYutvMPWM/0iPnkFj2wIeF45O1718cMSOFO1vINkqmxqD8vE37uTEbqw==",
      "dev": true,
      "dependencies": {
        "chalk": "^4.0.0",
        "diff-sequences": "^27.5.1",
        "jest-get-type": "^27.5.1",
        "pretty-format": "^27.5.1"
      },
      "engines": {
        "node": "^10.13.0 || ^12.13.0 || ^14.15.0 || >=15.0.0"
      }
    },
    "node_modules/jest-get-type": {
      "version": "27.5.1",
      "resolved": "https://registry.npmjs.org/jest-get-type/-/jest-get-type-27.5.1.tgz",
      "integrity": "sha512-2KY95ksYSaK7DMBWQn6dQz3kqAf3BB64y2udeG+hv4KfSOb9qwcYQstTJc1KCbsix+wLZWZYN8t7nwX3GOBLRw==",
      "dev": true,
      "engines": {
        "node": "^10.13.0 || ^12.13.0 || ^14.15.0 || >=15.0.0"
      }
    },
    "node_modules/jest-matcher-utils": {
      "version": "27.5.1",
      "resolved": "https://registry.npmjs.org/jest-matcher-utils/-/jest-matcher-utils-27.5.1.tgz",
      "integrity": "sha512-z2uTx/T6LBaCoNWNFWwChLBKYxTMcGBRjAt+2SbP929/Fflb9aa5LGma654Rz8z9HLxsrUaYzxE9T/EFIL/PAw==",
      "dev": true,
      "dependencies": {
        "chalk": "^4.0.0",
        "jest-diff": "^27.5.1",
        "jest-get-type": "^27.5.1",
        "pretty-format": "^27.5.1"
      },
      "engines": {
        "node": "^10.13.0 || ^12.13.0 || ^14.15.0 || >=15.0.0"
      }
    },
    "node_modules/pretty-format": {
      "version": "27.5.1",
      "resolved": "https://registry.npmjs.org/pretty-format/-/pretty-format-27.5.1.tgz",
      "integrity": "sha512-Qb1gy5OrP5+zDf2Bvnzdl3jsTf1qXVMazbvCoKhtKqVs4/YK4ozX4gKQJJVyNe+cajNPn0KoC0MC3FUmaHWEmQ==",
      "dev": true,
      "dependencies": {
        "ansi-regex": "^5.0.1",
        "ansi-styles": "^5.0.0",
        "react-is": "^17.0.1"
      },
      "engines": {
        "node": "^10.13.0 || ^12.13.0 || ^14.15.0 || >=15.0.0"
      }
    },
    "node_modules/pretty-format/node_modules/ansi-styles": {
      "version": "5.2.0",
      "resolved": "https://registry.npmjs.org/ansi-styles/-/ansi-styles-5.2.0.tgz",
      "integrity": "sha512-Cxwpt2SfTzTtXcfOlzGEee8O+c+MmUgGrNiBcXnuWxuFJHe6a5Hz7qwhwe5OgaSYI0IJvkLqWX1ASG+cJOkEiA==",
      "dev": true,
      "engines": {
        "node": ">=10"
      },
      "funding": {
        "url": "https://github.com/chalk/ansi-styles?sponsor=1"
      }
    },
    "node_modules/react-is": {
      "version": "17.0.2",
      "resolved": "https://registry.npmjs.org/react-is/-/react-is-17.0.2.tgz",
      "integrity": "sha512-w2GsyukL62IJnlaff/nRegPQR94C/XXamvMWmSHRJ4y7Ts/4ocGRmTHvOs8PSE6pB3dWOrD/nueuU5sduBsQ4w==",
      "dev": true
    },
    "node_modules/supports-color": {
      "version": "7.2.0",
      "resolved": "https://registry.npmjs.org/supports-color/-/supports-color-7.2.0.tgz",
      "integrity": "sha512-qpCAvRl9stuOHveKsn7HncJRvv501qIacKzQlO/+Lwxc9+0q2wLyv4Dfvt80/DPn2pqOBsJdDiogXGR9+OvwRw==",
      "dev": true,
      "dependencies": {
        "has-flag": "^4.0.0"
      },
      "engines": {
        "node": ">=8"
      }
    }
  }
}
